{
  "name": "@metav_xly/codexx",
  "version": "0.1.1",
  "lockfileVersion": 3,
  "requires": true,
  "packages": {
    "": {
      "name": "@metav_xly/codexx",
      "version": "0.1.1",
      "license": "MIT",
      "bin": {
        "codexx": "bin/codexx.js"
      },
      "engines": {
        "node": ">=18"
      }
    }
  }
}
